
Microsoft Visual Studio Solution File, Format Version 12.00
# Visual Studio 15
VisualStudioVersion = 15.0.26430.14
MinimumVisualStudioVersion = 10.0.40219.1
Project("{FAE04EC0-301F-11D3-BF4B-00C04F79EFBC}") = "Catalog.Web", "Catalog.Web\Catalog.Web.csproj", "{10470F0F-90DB-4027-8DD4-641ED90D0077}"
EndProject
Project("{FAE04EC0-301F-11D3-BF4B-00C04F79EFBC}") = "Catalog.Data", "Catalog.Data\Catalog.Data.csproj", "{CEA475A9-1507-4B8F-8B01-C8219565E877}"
EndProject
Global
	GlobalSection(SolutionConfigurationPlatforms) = preSolution
		Debug|Any CPU = Debug|Any CPU
		Release|Any CPU = Release|Any CPU
	EndGlobalSection
	GlobalSection(ProjectConfigurationPlatforms) = postSolution
		{10470F0F-90DB-4027-8DD4-641ED90D0077}.Debug|Any CPU.ActiveCfg = Debug|Any CPU
		{10470F0F-90DB-4027-8DD4-641ED90D0077}.Debug|Any CPU.Build.0 = Debug|Any CPU
		{10470F0F-90DB-4027-8DD4-641ED90D0077}.Release|Any CPU.ActiveCfg = Release|Any CPU
		{10470F0F-90DB-4027-8DD4-641ED90D0077}.Release|Any CPU.Build.0 = Release|Any CPU
		{CEA475A9-1507-4B8F-8B01-C8219565E877}.Debug|Any CPU.ActiveCfg = Debug|Any CPU
		{CEA475A9-1507-4B8F-8B01-C8219565E877}.Debug|Any CPU.Build.0 = Debug|Any CPU
		{CEA475A9-1507-4B8F-8B01-C8219565E877}.Release|Any CPU.ActiveCfg = Release|Any CPU
		{CEA475A9-1507-4B8F-8B01-C8219565E877}.Release|Any CPU.Build.0 = Release|Any CPU
	EndGlobalSection
	GlobalSection(SolutionProperties) = preSolution
		HideSolutionNode = FALSE
	EndGlobalSection
EndGlobal
